{
  "object": {
    "pins": [
      {
        "package": "Alamofire",
        "repositoryURL": "https://github.com/Alamofire/Alamofire.git",
        "state": {
          "branch": null,
          "revision": "f82c23a8a7ef8dc1a49a8bfc6a96883e79121864",
          "version": "5.5.0"
        }
      },
      {
        "package": "KakaoOpenSDK",
        "repositoryURL": "https://github.com/kakao/kakao-ios-sdk",
        "state": {
          "branch": null,
          "revision": "f6409a5ccfcfd7e7ebc9f2864cf6a37b95f3a066",
          "version": "2.8.6"
        }
      }
    ]
  },
  "version": 1
}
